
Microsoft Visual Studio Solution File, Format Version 12.00
# Visual Studio Version 17
VisualStudioVersion = 17.10.35013.160
MinimumVisualStudioVersion = 10.0.40219.1
Project("{8BC9CEB8-8B4A-11D0-8D11-00A0C91BC942}") = "Rock-Paper-Scissors-Showdown-Project", "Rock-Paper-Scissors-Showdown-Project\Rock-Paper-Scissors-Showdown-Project.vcxproj", "{02FFECF1-73A5-43E0-A7F4-0EDA2166410C}"
EndProject
Global
	GlobalSection(SolutionConfigurationPlatforms) = preSolution
		Debug|x64 = Debug|x64
		Debug|x86 = Debug|x86
		Release|x64 = Release|x64
		Release|x86 = Release|x86
	EndGlobalSection
	GlobalSection(ProjectConfigurationPlatforms) = postSolution
		{02FFECF1-73A5-43E0-A7F4-0EDA2166410C}.Debug|x64.ActiveCfg = Debug|x64
		{02FFECF1-73A5-43E0-A7F4-0EDA2166410C}.Debug|x64.Build.0 = Debug|x64
		{02FFECF1-73A5-43E0-A7F4-0EDA2166410C}.Debug|x86.ActiveCfg = Debug|Win32
		{02FFECF1-73A5-43E0-A7F4-0EDA2166410C}.Debug|x86.Build.0 = Debug|Win32
		{02FFECF1-73A5-43E0-A7F4-0EDA2166410C}.Release|x64.ActiveCfg = Release|x64
		{02FFECF1-73A5-43E0-A7F4-0EDA2166410C}.Release|x64.Build.0 = Release|x64
		{02FFECF1-73A5-43E0-A7F4-0EDA2166410C}.Release|x86.ActiveCfg = Release|Win32
		{02FFECF1-73A5-43E0-A7F4-0EDA2166410C}.Release|x86.Build.0 = Release|Win32
	EndGlobalSection
	GlobalSection(SolutionProperties) = preSolution
		HideSolutionNode = FALSE
	EndGlobalSection
	GlobalSection(ExtensibilityGlobals) = postSolution
		SolutionGuid = {18DD1871-2A9E-45D9-B210-211CF7F7F59E}
	EndGlobalSection
EndGlobal
